
Microsoft Visual Studio Solution File, Format Version 12.00
# Visual Studio Version 17
VisualStudioVersion = 17.10.35122.118
MinimumVisualStudioVersion = 10.0.40219.1
Project("{FAE04EC0-301F-11D3-BF4B-00C04F79EFBC}") = "DungeonsResources", "DungeonsResources\DungeonsResources.csproj", "{85DF2ABE-A914-4878-9D7C-7F5AC4E5D180}"
	ProjectSection(ProjectDependencies) = postProject
		{79CE28CD-6ABA-466F-A0A5-62411E801DFF} = {79CE28CD-6ABA-466F-A0A5-62411E801DFF}
	EndProjectSection
EndProject
Project("{9A19103F-16F7-4668-BE54-9A1E7A4F7556}") = "Entities", "Entities\Entities.csproj", "{79CE28CD-6ABA-466F-A0A5-62411E801DFF}"
EndProject
Global
	GlobalSection(SolutionConfigurationPlatforms) = preSolution
		Debug|Any CPU = Debug|Any CPU
		Release|Any CPU = Release|Any CPU
	EndGlobalSection
	GlobalSection(ProjectConfigurationPlatforms) = postSolution
		{85DF2ABE-A914-4878-9D7C-7F5AC4E5D180}.Debug|Any CPU.ActiveCfg = Debug|Any CPU
		{85DF2ABE-A914-4878-9D7C-7F5AC4E5D180}.Debug|Any CPU.Build.0 = Debug|Any CPU
		{85DF2ABE-A914-4878-9D7C-7F5AC4E5D180}.Release|Any CPU.ActiveCfg = Release|Any CPU
		{85DF2ABE-A914-4878-9D7C-7F5AC4E5D180}.Release|Any CPU.Build.0 = Release|Any CPU
		{79CE28CD-6ABA-466F-A0A5-62411E801DFF}.Debug|Any CPU.ActiveCfg = Debug|Any CPU
		{79CE28CD-6ABA-466F-A0A5-62411E801DFF}.Debug|Any CPU.Build.0 = Debug|Any CPU
		{79CE28CD-6ABA-466F-A0A5-62411E801DFF}.Release|Any CPU.ActiveCfg = Release|Any CPU
		{79CE28CD-6ABA-466F-A0A5-62411E801DFF}.Release|Any CPU.Build.0 = Release|Any CPU
	EndGlobalSection
	GlobalSection(SolutionProperties) = preSolution
		HideSolutionNode = FALSE
	EndGlobalSection
	GlobalSection(ExtensibilityGlobals) = postSolution
		SolutionGuid = {5E929EB2-A7B4-4D86-B784-AC22D1E81DD5}
	EndGlobalSection
EndGlobal
